
Microsoft Visual Studio Solution File, Format Version 12.00
# Visual Studio 15
VisualStudioVersion = 15.0.28307.438
MinimumVisualStudioVersion = 10.0.40219.1
Project("{FAE04EC0-301F-11D3-BF4B-00C04F79EFBC}") = "EmpDecrypt", "EmpDecrypt\EmpDecrypt.csproj", "{132116B9-668A-40A8-93D3-012A583AEDCE}"
EndProject
Global
	GlobalSection(SolutionConfigurationPlatforms) = preSolution
		Debug|Any CPU = Debug|Any CPU
		Release|Any CPU = Release|Any CPU
	EndGlobalSection
	GlobalSection(ProjectConfigurationPlatforms) = postSolution
		{132116B9-668A-40A8-93D3-012A583AEDCE}.Debug|Any CPU.ActiveCfg = Debug|Any CPU
		{132116B9-668A-40A8-93D3-012A583AEDCE}.Debug|Any CPU.Build.0 = Debug|Any CPU
		{132116B9-668A-40A8-93D3-012A583AEDCE}.Release|Any CPU.ActiveCfg = Release|Any CPU
		{132116B9-668A-40A8-93D3-012A583AEDCE}.Release|Any CPU.Build.0 = Release|Any CPU
	EndGlobalSection
	GlobalSection(SolutionProperties) = preSolution
		HideSolutionNode = FALSE
	EndGlobalSection
	GlobalSection(ExtensibilityGlobals) = postSolution
		SolutionGuid = {B768EC55-FEEC-4BAA-8CC9-F2609B01F177}
	EndGlobalSection
EndGlobal
